version: 1.0
shards:
  da_css:
    github: da99/da_css.cr
    version: 3.0.1

  da_router:
    github: da99/da_router.cr
    version: 2.0.1

  da_spec:
    github: da99/da_spec.cr
    version: 0.4.0

  html_builder:
    github: crystal-lang/html_builder
    version: 0.2.2

  inspect_bang:
    github: da99/inspect_bang.cr
    version: 1.0.1

  kemal:
    github: kemalcr/kemal
    version: 0.22.0

  kemal-session:
    github: kemalcr/kemal-session
    version: 0.9.0

  kilt:
    github: jeromegn/kilt
    version: 0.4.0

  radix:
    github: luislavena/radix
    version: 0.3.8

  terminal_table:
    github: benoist/terminal_table.cr
    commit: a14e244219a6a7b804b3491bafcff73f4b74855e

